// !$*UTF8*$!
{
	archiveVersion = 1;
	classes = {
	};
	objectVersion = 55;
	objects = {

/* Begin PBXBuildFile section */
		9A015E6F2795AB0A00F97DCE /* Instructions.swift in Sources */ = {isa = PBXBuildFile; fileRef = 9A015E6E2795AB0A00F97DCE /* Instructions.swift */; };
		9A015E722795B01B00F97DCE /* CheckboxStyle.swift in Sources */ = {isa = PBXBuildFile; fileRef = 9A015E712795B01B00F97DCE /* CheckboxStyle.swift */; };
		9A015E782795B17800F97DCE /* StepRowView.swift in Sources */ = {isa = PBXBuildFile; fileRef = 9A015E772795B17800F97DCE /* StepRowView.swift */; };
		9A31144827A1F3FE00143C49 /* Launch Screen.storyboard in Resources */ = {isa = PBXBuildFile; fileRef = 9A31144727A1F3FD00143C49 /* Launch Screen.storyboard */; };
		9A4F9894279467F90008DB01 /* BaldwinDinnersApp.swift in Sources */ = {isa = PBXBuildFile; fileRef = 9A4F9893279467F90008DB01 /* BaldwinDinnersApp.swift */; };
		9A4F9896279467F90008DB01 /* ContentView.swift in Sources */ = {isa = PBXBuildFile; fileRef = 9A4F9895279467F90008DB01 /* ContentView.swift */; };
		9A4F9898279467FB0008DB01 /* Assets.xcassets in Resources */ = {isa = PBXBuildFile; fileRef = 9A4F9897279467FB0008DB01 /* Assets.xcassets */; };
		9A4F989B279467FB0008DB01 /* Preview Assets.xcassets in Resources */ = {isa = PBXBuildFile; fileRef = 9A4F989A279467FB0008DB01 /* Preview Assets.xcassets */; };
		9A4F98A6279469030008DB01 /* recipes.json in Resources */ = {isa = PBXBuildFile; fileRef = 9A4F98A5279469030008DB01 /* recipes.json */; };
		9A4F98A827946BAB0008DB01 /* ChefRowListView.swift in Sources */ = {isa = PBXBuildFile; fileRef = 9A4F98A727946BAB0008DB01 /* ChefRowListView.swift */; };
		9A4F98AB27946DBE0008DB01 /* CodableBundleExtension.swift in Sources */ = {isa = PBXBuildFile; fileRef = 9A4F98AA27946DBE0008DB01 /* CodableBundleExtension.swift */; };
		9A4F98AD27946DEF0008DB01 /* Chef.swift in Sources */ = {isa = PBXBuildFile; fileRef = 9A4F98AC27946DEF0008DB01 /* Chef.swift */; };
		9A4F98B127946E4C0008DB01 /* Dish.swift in Sources */ = {isa = PBXBuildFile; fileRef = 9A4F98B027946E4C0008DB01 /* Dish.swift */; };
		9A4F98B327947BE30008DB01 /* HomeSettingEnum.swift in Sources */ = {isa = PBXBuildFile; fileRef = 9A4F98B227947BE30008DB01 /* HomeSettingEnum.swift */; };
		9A4F98B727947E330008DB01 /* chefs.json in Resources */ = {isa = PBXBuildFile; fileRef = 9A4F98B627947E330008DB01 /* chefs.json */; };
		9A4F98BB27947EBA0008DB01 /* DishRowListView.swift in Sources */ = {isa = PBXBuildFile; fileRef = 9A4F98BA27947EBA0008DB01 /* DishRowListView.swift */; };
		9A4F98BD279480400008DB01 /* CuisineRowListView.swift in Sources */ = {isa = PBXBuildFile; fileRef = 9A4F98BC279480400008DB01 /* CuisineRowListView.swift */; };
		9A4F98C1279480BF0008DB01 /* Cuisine.swift in Sources */ = {isa = PBXBuildFile; fileRef = 9A4F98C0279480BF0008DB01 /* Cuisine.swift */; };
		9A4F98C3279480D90008DB01 /* cuisine.json in Resources */ = {isa = PBXBuildFile; fileRef = 9A4F98C2279480D90008DB01 /* cuisine.json */; };
		9A4F98CA279486590008DB01 /* Constant.swift in Sources */ = {isa = PBXBuildFile; fileRef = 9A4F98C9279486590008DB01 /* Constant.swift */; };
		9A4F98CC279488430008DB01 /* ChefDetailView.swift in Sources */ = {isa = PBXBuildFile; fileRef = 9A4F98CB279488430008DB01 /* ChefDetailView.swift */; };
		9A4F98CE2794884B0008DB01 /* DishDetailView.swift in Sources */ = {isa = PBXBuildFile; fileRef = 9A4F98CD2794884B0008DB01 /* DishDetailView.swift */; };
		9A4F98D0279488530008DB01 /* CuisineDetailView.swift in Sources */ = {isa = PBXBuildFile; fileRef = 9A4F98CF279488530008DB01 /* CuisineDetailView.swift */; };
		9A4F98D22794892E0008DB01 /* OnBoardingView.swift in Sources */ = {isa = PBXBuildFile; fileRef = 9A4F98D12794892E0008DB01 /* OnBoardingView.swift */; };
/* End PBXBuildFile section */

/* Begin PBXFileReference section */
		9A015E6D2794D6F400F97DCE /* Info.plist */ = {isa = PBXFileReference; lastKnownFileType = text.plist; path = Info.plist; sourceTree = "<group>"; };
		9A015E6E2795AB0A00F97DCE /* Instructions.swift */ = {isa = PBXFileReference; lastKnownFileType = sourcecode.swift; path = Instructions.swift; sourceTree = "<group>"; };
		9A015E712795B01B00F97DCE /* CheckboxStyle.swift */ = {isa = PBXFileReference; lastKnownFileType = sourcecode.swift; path = CheckboxStyle.swift; sourceTree = "<group>"; };
		9A015E772795B17800F97DCE /* StepRowView.swift */ = {isa = PBXFileReference; lastKnownFileType = sourcecode.swift; path = StepRowView.swift; sourceTree = "<group>"; };
		9A31144727A1F3FD00143C49 /* Launch Screen.storyboard */ = {isa = PBXFileReference; lastKnownFileType = file.storyboard; path = "Launch Screen.storyboard"; sourceTree = "<group>"; };
		9A4F9890279467F90008DB01 /* BaldwinDinners.app */ = {isa = PBXFileReference; explicitFileType = wrapper.application; includeInIndex = 0; path = BaldwinDinners.app; sourceTree = BUILT_PRODUCTS_DIR; };
		9A4F9893279467F90008DB01 /* BaldwinDinnersApp.swift */ = {isa = PBXFileReference; lastKnownFileType = sourcecode.swift; path = BaldwinDinnersApp.swift; sourceTree = "<group>"; };
		9A4F9895279467F90008DB01 /* ContentView.swift */ = {isa = PBXFileReference; lastKnownFileType = sourcecode.swift; path = ContentView.swift; sourceTree = "<group>"; };
		9A4F9897279467FB0008DB01 /* Assets.xcassets */ = {isa = PBXFileReference; lastKnownFileType = folder.assetcatalog; path = Assets.xcassets; sourceTree = "<group>"; };
		9A4F989A279467FB0008DB01 /* Preview Assets.xcassets */ = {isa = PBXFileReference; lastKnownFileType = folder.assetcatalog; path = "Preview Assets.xcassets"; sourceTree = "<group>"; };
		9A4F98A5279469030008DB01 /* recipes.json */ = {isa = PBXFileReference; lastKnownFileType = text.json; path = recipes.json; sourceTree = "<group>"; };
		9A4F98A727946BAB0008DB01 /* ChefRowListView.swift */ = {isa = PBXFileReference; lastKnownFileType = sourcecode.swift; path = ChefRowListView.swift; sourceTree = "<group>"; };
		9A4F98AA27946DBE0008DB01 /* CodableBundleExtension.swift */ = {isa = PBXFileReference; lastKnownFileType = sourcecode.swift; path = CodableBundleExtension.swift; sourceTree = "<group>"; };
		9A4F98AC27946DEF0008DB01 /* Chef.swift */ = {isa = PBXFileReference; lastKnownFileType = sourcecode.swift; path = Chef.swift; sourceTree = "<group>"; };
		9A4F98B027946E4C0008DB01 /* Dish.swift */ = {isa = PBXFileReference; lastKnownFileType = sourcecode.swift; path = Dish.swift; sourceTree = "<group>"; };
		9A4F98B227947BE30008DB01 /* HomeSettingEnum.swift */ = {isa = PBXFileReference; lastKnownFileType = sourcecode.swift; path = HomeSettingEnum.swift; sourceTree = "<group>"; };
		9A4F98B627947E330008DB01 /* chefs.json */ = {isa = PBXFileReference; lastKnownFileType = text.json; path = chefs.json; sourceTree = "<group>"; };
		9A4F98BA27947EBA0008DB01 /* DishRowListView.swift */ = {isa = PBXFileReference; lastKnownFileType = sourcecode.swift; path = DishRowListView.swift; sourceTree = "<group>"; };
		9A4F98BC279480400008DB01 /* CuisineRowListView.swift */ = {isa = PBXFileReference; lastKnownFileType = sourcecode.swift; path = CuisineRowListView.swift; sourceTree = "<group>"; };
		9A4F98C0279480BF0008DB01 /* Cuisine.swift */ = {isa = PBXFileReference; lastKnownFileType = sourcecode.swift; path = Cuisine.swift; sourceTree = "<group>"; };
		9A4F98C2279480D90008DB01 /* cuisine.json */ = {isa = PBXFileReference; lastKnownFileType = text.json; path = cuisine.json; sourceTree = "<group>"; };
		9A4F98C9279486590008DB01 /* Constant.swift */ = {isa = PBXFileReference; lastKnownFileType = sourcecode.swift; path = Constant.swift; sourceTree = "<group>"; };
		9A4F98CB279488430008DB01 /* ChefDetailView.swift */ = {isa = PBXFileReference; lastKnownFileType = sourcecode.swift; path = ChefDetailView.swift; sourceTree = "<group>"; };
		9A4F98CD2794884B0008DB01 /* DishDetailView.swift */ = {isa = PBXFileReference; lastKnownFileType = sourcecode.swift; path = DishDetailView.swift; sourceTree = "<group>"; };
		9A4F98CF279488530008DB01 /* CuisineDetailView.swift */ = {isa = PBXFileReference; lastKnownFileType = sourcecode.swift; path = CuisineDetailView.swift; sourceTree = "<group>"; };
		9A4F98D12794892E0008DB01 /* OnBoardingView.swift */ = {isa = PBXFileReference; lastKnownFileType = sourcecode.swift; path = OnBoardingView.swift; sourceTree = "<group>"; };
/* End PBXFileReference section */

/* Begin PBXFrameworksBuildPhase section */
		9A4F988D279467F90008DB01 /* Frameworks */ = {
			isa = PBXFrameworksBuildPhase;
			buildActionMask = 2147483647;
			files = (
			);
			runOnlyForDeploymentPostprocessing = 0;
		};
/* End PBXFrameworksBuildPhase section */

/* Begin PBXGroup section */
		9A015E702795B00F00F97DCE /* Style */ = {
			isa = PBXGroup;
			children = (
				9A015E712795B01B00F97DCE /* CheckboxStyle.swift */,
			);
			path = Style;
			sourceTree = "<group>";
		};
		9A4F9887279467F90008DB01 = {
			isa = PBXGroup;
			children = (
				9A4F9892279467F90008DB01 /* BaldwinDinners */,
				9A4F9891279467F90008DB01 /* Products */,
			);
			sourceTree = "<group>";
		};
		9A4F9891279467F90008DB01 /* Products */ = {
			isa = PBXGroup;
			children = (
				9A4F9890279467F90008DB01 /* BaldwinDinners.app */,
			);
			name = Products;
			sourceTree = "<group>";
		};
		9A4F9892279467F90008DB01 /* BaldwinDinners */ = {
			isa = PBXGroup;
			children = (
				9A31144727A1F3FD00143C49 /* Launch Screen.storyboard */,
				9A015E702795B00F00F97DCE /* Style */,
				9A015E6D2794D6F400F97DCE /* Info.plist */,
				9A4F98A927946DAC0008DB01 /* Utility */,
				9A4F98A32794680C0008DB01 /* Model */,
				9A4F98A2279468060008DB01 /* Views */,
				9A4F98A1279468010008DB01 /* Data */,
				9A4F98A42794683D0008DB01 /* App */,
				9A4F9897279467FB0008DB01 /* Assets.xcassets */,
				9A4F9899279467FB0008DB01 /* Preview Content */,
			);
			path = BaldwinDinners;
			sourceTree = "<group>";
		};
		9A4F9899279467FB0008DB01 /* Preview Content */ = {
			isa = PBXGroup;
			children = (
				9A4F989A279467FB0008DB01 /* Preview Assets.xcassets */,
			);
			path = "Preview Content";
			sourceTree = "<group>";
		};
		9A4F98A1279468010008DB01 /* Data */ = {
			isa = PBXGroup;
			children = (
				9A4F98A5279469030008DB01 /* recipes.json */,
				9A4F98B627947E330008DB01 /* chefs.json */,
				9A4F98C2279480D90008DB01 /* cuisine.json */,
			);
			path = Data;
			sourceTree = "<group>";
		};
		9A4F98A2279468060008DB01 /* Views */ = {
			isa = PBXGroup;
			children = (
				9A4F98A727946BAB0008DB01 /* ChefRowListView.swift */,
				9A4F98BA27947EBA0008DB01 /* DishRowListView.swift */,
				9A4F98BC279480400008DB01 /* CuisineRowListView.swift */,
				9A4F98CB279488430008DB01 /* ChefDetailView.swift */,
				9A4F98CD2794884B0008DB01 /* DishDetailView.swift */,
				9A4F98CF279488530008DB01 /* CuisineDetailView.swift */,
				9A015E772795B17800F97DCE /* StepRowView.swift */,
			);
			path = Views;
			sourceTree = "<group>";
		};
		9A4F98A32794680C0008DB01 /* Model */ = {
			isa = PBXGroup;
			children = (
				9A4F98AC27946DEF0008DB01 /* Chef.swift */,
				9A4F98B027946E4C0008DB01 /* Dish.swift */,
				9A4F98C0279480BF0008DB01 /* Cuisine.swift */,
				9A015E6E2795AB0A00F97DCE /* Instructions.swift */,
			);
			path = Model;
			sourceTree = "<group>";
		};
		9A4F98A42794683D0008DB01 /* App */ = {
			isa = PBXGroup;
			children = (
				9A4F9893279467F90008DB01 /* BaldwinDinnersApp.swift */,
				9A4F9895279467F90008DB01 /* ContentView.swift */,
				9A4F98D12794892E0008DB01 /* OnBoardingView.swift */,
			);
			path = App;
			sourceTree = "<group>";
		};
		9A4F98A927946DAC0008DB01 /* Utility */ = {
			isa = PBXGroup;
			children = (
				9A4F98AA27946DBE0008DB01 /* CodableBundleExtension.swift */,
				9A4F98B227947BE30008DB01 /* HomeSettingEnum.swift */,
				9A4F98C9279486590008DB01 /* Constant.swift */,
			);
			path = Utility;
			sourceTree = "<group>";
		};
/* End PBXGroup section */

/* Begin PBXNativeTarget section */
		9A4F988F279467F90008DB01 /* BaldwinDinners */ = {
			isa = PBXNativeTarget;
			buildConfigurationList = 9A4F989E279467FB0008DB01 /* Build configuration list for PBXNativeTarget "BaldwinDinners" */;
			buildPhases = (
				9A4F988C279467F90008DB01 /* Sources */,
				9A4F988D279467F90008DB01 /* Frameworks */,
				9A4F988E279467F90008DB01 /* Resources */,
			);
			buildRules = (
			);
			dependencies = (
			);
			name = BaldwinDinners;
			productName = BaldwinDinners;
			productReference = 9A4F9890279467F90008DB01 /* BaldwinDinners.app */;
			productType = "com.apple.product-type.application";
		};
/* End PBXNativeTarget section */

/* Begin PBXProject section */
		9A4F9888279467F90008DB01 /* Project object */ = {
			isa = PBXProject;
			attributes = {
				BuildIndependentTargetsInParallel = 1;
				LastSwiftUpdateCheck = 1320;
				LastUpgradeCheck = 1320;
				TargetAttributes = {
					9A4F988F279467F90008DB01 = {
						CreatedOnToolsVersion = 13.2.1;
					};
				};
			};
			buildConfigurationList = 9A4F988B279467F90008DB01 /* Build configuration list for PBXProject "BaldwinDinners" */;
			compatibilityVersion = "Xcode 13.0";
			developmentRegion = en;
			hasScannedForEncodings = 0;
			knownRegions = (
				en,
				Base,
			);
			mainGroup = 9A4F9887279467F90008DB01;
			productRefGroup = 9A4F9891279467F90008DB01 /* Products */;
			projectDirPath = "";
			projectRoot = "";
			targets = (
				9A4F988F279467F90008DB01 /* BaldwinDinners */,
			);
		};
/* End PBXProject section */

/* Begin PBXResourcesBuildPhase section */
		9A4F988E279467F90008DB01 /* Resources */ = {
			isa = PBXResourcesBuildPhase;
			buildActionMask = 2147483647;
			files = (
				9A31144827A1F3FE00143C49 /* Launch Screen.storyboard in Resources */,
				9A4F989B279467FB0008DB01 /* Preview Assets.xcassets in Resources */,
				9A4F98A6279469030008DB01 /* recipes.json in Resources */,
				9A4F9898279467FB0008DB01 /* Assets.xcassets in Resources */,
				9A4F98C3279480D90008DB01 /* cuisine.json in Resources */,
				9A4F98B727947E330008DB01 /* chefs.json in Resources */,
			);
			runOnlyForDeploymentPostprocessing = 0;
		};
/* End PBXResourcesBuildPhase section */

/* Begin PBXSourcesBuildPhase section */
		9A4F988C279467F90008DB01 /* Sources */ = {
			isa = PBXSourcesBuildPhase;
			buildActionMask = 2147483647;
			files = (
				9A4F98BD279480400008DB01 /* CuisineRowListView.swift in Sources */,
				9A4F98AB27946DBE0008DB01 /* CodableBundleExtension.swift in Sources */,
				9A015E6F2795AB0A00F97DCE /* Instructions.swift in Sources */,
				9A4F98A827946BAB0008DB01 /* ChefRowListView.swift in Sources */,
				9A4F98D22794892E0008DB01 /* OnBoardingView.swift in Sources */,
				9A4F9896279467F90008DB01 /* ContentView.swift in Sources */,
				9A4F98B127946E4C0008DB01 /* Dish.swift in Sources */,
				9A4F98AD27946DEF0008DB01 /* Chef.swift in Sources */,
				9A4F98C1279480BF0008DB01 /* Cuisine.swift in Sources */,
				9A4F98B327947BE30008DB01 /* HomeSettingEnum.swift in Sources */,
				9A4F98CA279486590008DB01 /* Constant.swift in Sources */,
				9A4F98CE2794884B0008DB01 /* DishDetailView.swift in Sources */,
				9A4F9894279467F90008DB01 /* BaldwinDinnersApp.swift in Sources */,
				9A4F98BB27947EBA0008DB01 /* DishRowListView.swift in Sources */,
				9A4F98D0279488530008DB01 /* CuisineDetailView.swift in Sources */,
				9A015E782795B17800F97DCE /* StepRowView.swift in Sources */,
				9A015E722795B01B00F97DCE /* CheckboxStyle.swift in Sources */,
				9A4F98CC279488430008DB01 /* ChefDetailView.swift in Sources */,
			);
			runOnlyForDeploymentPostprocessing = 0;
		};
/* End PBXSourcesBuildPhase section */

/* Begin XCBuildConfiguration section */
		9A4F989C279467FB0008DB01 /* Debug */ = {
			isa = XCBuildConfiguration;
			buildSettings = {
				ALWAYS_SEARCH_USER_PATHS = NO;
				CLANG_ANALYZER_NONNULL = YES;
				CLANG_ANALYZER_NUMBER_OBJECT_CONVERSION = YES_AGGRESSIVE;
				CLANG_CXX_LANGUAGE_STANDARD = "gnu++17";
				CLANG_CXX_LIBRARY = "libc++";
				CLANG_ENABLE_MODULES = YES;
				CLANG_ENABLE_OBJC_ARC = YES;
				CLANG_ENABLE_OBJC_WEAK = YES;
				CLANG_WARN_BLOCK_CAPTURE_AUTORELEASING = YES;
				CLANG_WARN_BOOL_CONVERSION = YES;
				CLANG_WARN_COMMA = YES;
				CLANG_WARN_CONSTANT_CONVERSION = YES;
				CLANG_WARN_DEPRECATED_OBJC_IMPLEMENTATIONS = YES;
				CLANG_WARN_DIRECT_OBJC_ISA_USAGE = YES_ERROR;
				CLANG_WARN_DOCUMENTATION_COMMENTS = YES;
				CLANG_WARN_EMPTY_BODY = YES;
				CLANG_WARN_ENUM_CONVERSION = YES;
				CLANG_WARN_INFINITE_RECURSION = YES;
				CLANG_WARN_INT_CONVERSION = YES;
				CLANG_WARN_NON_LITERAL_NULL_CONVERSION = YES;
				CLANG_WARN_OBJC_IMPLICIT_RETAIN_SELF = YES;
				CLANG_WARN_OBJC_LITERAL_CONVERSION = YES;
				CLANG_WARN_OBJC_ROOT_CLASS = YES_ERROR;
				CLANG_WARN_QUOTED_INCLUDE_IN_FRAMEWORK_HEADER = YES;
				CLANG_WARN_RANGE_LOOP_ANALYSIS = YES;
				CLANG_WARN_STRICT_PROTOTYPES = YES;
				CLANG_WARN_SUSPICIOUS_MOVE = YES;
				CLANG_WARN_UNGUARDED_AVAILABILITY = YES_AGGRESSIVE;
				CLANG_WARN_UNREACHABLE_CODE = YES;
				CLANG_WARN__DUPLICATE_METHOD_MATCH = YES;
				COPY_PHASE_STRIP = NO;
				DEBUG_INFORMATION_FORMAT = dwarf;
				ENABLE_STRICT_OBJC_MSGSEND = YES;
				ENABLE_TESTABILITY = YES;
				GCC_C_LANGUAGE_STANDARD = gnu11;
				GCC_DYNAMIC_NO_PIC = NO;
				GCC_NO_COMMON_BLOCKS = YES;
				GCC_OPTIMIZATION_LEVEL = 0;
				GCC_PREPROCESSOR_DEFINITIONS = (
					"DEBUG=1",
					"$(inherited)",
				);
				GCC_WARN_64_TO_32_BIT_CONVERSION = YES;
				GCC_WARN_ABOUT_RETURN_TYPE = YES_ERROR;
				GCC_WARN_UNDECLARED_SELECTOR = YES;
				GCC_WARN_UNINITIALIZED_AUTOS = YES_AGGRESSIVE;
				GCC_WARN_UNUSED_FUNCTION = YES;
				GCC_WARN_UNUSED_VARIABLE = YES;
				IPHONEOS_DEPLOYMENT_TARGET = 15.2;
				MTL_ENABLE_DEBUG_INFO = INCLUDE_SOURCE;
				MTL_FAST_MATH = YES;
				ONLY_ACTIVE_ARCH = YES;
				SDKROOT = iphoneos;
				SWIFT_ACTIVE_COMPILATION_CONDITIONS = DEBUG;
				SWIFT_OPTIMIZATION_LEVEL = "-Onone";
			};
			name = Debug;
		};
		9A4F989D279467FB0008DB01 /* Release */ = {
			isa = XCBuildConfiguration;
			buildSettings = {
				ALWAYS_SEARCH_USER_PATHS = NO;
				CLANG_ANALYZER_NONNULL = YES;
				CLANG_ANALYZER_NUMBER_OBJECT_CONVERSION = YES_AGGRESSIVE;
				CLANG_CXX_LANGUAGE_STANDARD = "gnu++17";
				CLANG_CXX_LIBRARY = "libc++";
				CLANG_ENABLE_MODULES = YES;
				CLANG_ENABLE_OBJC_ARC = YES;
				CLANG_ENABLE_OBJC_WEAK = YES;
				CLANG_WARN_BLOCK_CAPTURE_AUTORELEASING = YES;
				CLANG_WARN_BOOL_CONVERSION = YES;
				CLANG_WARN_COMMA = YES;
				CLANG_WARN_CONSTANT_CONVERSION = YES;
				CLANG_WARN_DEPRECATED_OBJC_IMPLEMENTATIONS = YES;
				CLANG_WARN_DIRECT_OBJC_ISA_USAGE = YES_ERROR;
				CLANG_WARN_DOCUMENTATION_COMMENTS = YES;
				CLANG_WARN_EMPTY_BODY = YES;
				CLANG_WARN_ENUM_CONVERSION = YES;
				CLANG_WARN_INFINITE_RECURSION = YES;
				CLANG_WARN_INT_CONVERSION = YES;
				CLANG_WARN_NON_LITERAL_NULL_CONVERSION = YES;
				CLANG_WARN_OBJC_IMPLICIT_RETAIN_SELF = YES;
				CLANG_WARN_OBJC_LITERAL_CONVERSION = YES;
				CLANG_WARN_OBJC_ROOT_CLASS = YES_ERROR;
				CLANG_WARN_QUOTED_INCLUDE_IN_FRAMEWORK_HEADER = YES;
				CLANG_WARN_RANGE_LOOP_ANALYSIS = YES;
				CLANG_WARN_STRICT_PROTOTYPES = YES;
				CLANG_WARN_SUSPICIOUS_MOVE = YES;
				CLANG_WARN_UNGUARDED_AVAILABILITY = YES_AGGRESSIVE;
				CLANG_WARN_UNREACHABLE_CODE = YES;
				CLANG_WARN__DUPLICATE_METHOD_MATCH = YES;
				COPY_PHASE_STRIP = NO;
				DEBUG_INFORMATION_FORMAT = "dwarf-with-dsym";
				ENABLE_NS_ASSERTIONS = NO;
				ENABLE_STRICT_OBJC_MSGSEND = YES;
				GCC_C_LANGUAGE_STANDARD = gnu11;
				GCC_NO_COMMON_BLOCKS = YES;
				GCC_WARN_64_TO_32_BIT_CONVERSION = YES;
				GCC_WARN_ABOUT_RETURN_TYPE = YES_ERROR;
				GCC_WARN_UNDECLARED_SELECTOR = YES;
				GCC_WARN_UNINITIALIZED_AUTOS = YES_AGGRESSIVE;
				GCC_WARN_UNUSED_FUNCTION = YES;
				GCC_WARN_UNUSED_VARIABLE = YES;
				IPHONEOS_DEPLOYMENT_TARGET = 15.2;
				MTL_ENABLE_DEBUG_INFO = NO;
				MTL_FAST_MATH = YES;
				SDKROOT = iphoneos;
				SWIFT_COMPILATION_MODE = wholemodule;
				SWIFT_OPTIMIZATION_LEVEL = "-O";
				VALIDATE_PRODUCT = YES;
			};
			name = Release;
		};
		9A4F989F279467FB0008DB01 /* Debug */ = {
			isa = XCBuildConfiguration;
			buildSettings = {
				ASSETCATALOG_COMPILER_APPICON_NAME = AppIcon;
				ASSETCATALOG_COMPILER_GLOBAL_ACCENT_COLOR_NAME = AccentColor;
				CODE_SIGN_STYLE = Automatic;
				CURRENT_PROJECT_VERSION = 1;
				DEVELOPMENT_ASSET_PATHS = "\"BaldwinDinners/Preview Content\"";
				DEVELOPMENT_TEAM = 32GNF43U3H;
				ENABLE_PREVIEWS = YES;
				GENERATE_INFOPLIST_FILE = YES;
				INFOPLIST_FILE = BaldwinDinners/Info.plist;
				INFOPLIST_KEY_CFBundleDisplayName = "BLDWN DNRS";
				INFOPLIST_KEY_UIApplicationSceneManifest_Generation = YES;
				INFOPLIST_KEY_UIApplicationSupportsIndirectInputEvents = YES;
				INFOPLIST_KEY_UILaunchScreen_Generation = YES;
				INFOPLIST_KEY_UILaunchStoryboardName = "Launch Screen";
				INFOPLIST_KEY_UISupportedInterfaceOrientations_iPad = "UIInterfaceOrientationPortrait UIInterfaceOrientationPortraitUpsideDown UIInterfaceOrientationLandscapeLeft UIInterfaceOrientationLandscapeRight";
				INFOPLIST_KEY_UISupportedInterfaceOrientations_iPhone = "UIInterfaceOrientationPortrait UIInterfaceOrientationLandscapeLeft UIInterfaceOrientationLandscapeRight";
				LD_RUNPATH_SEARCH_PATHS = (
					"$(inherited)",
					"@executable_path/Frameworks",
				);
				MARKETING_VERSION = 1.0;
				PRODUCT_BUNDLE_IDENTIFIER = Trident.BaldwinDinners;
				PRODUCT_NAME = "$(TARGET_NAME)";
				SWIFT_EMIT_LOC_STRINGS = YES;
				SWIFT_VERSION = 5.0;
				TARGETED_DEVICE_FAMILY = "1,2";
			};
			name = Debug;
		};
		9A4F98A0279467FB0008DB01 /* Release */ = {
			isa = XCBuildConfiguration;
			buildSettings = {
				ASSETCATALOG_COMPILER_APPICON_NAME = AppIcon;
				ASSETCATALOG_COMPILER_GLOBAL_ACCENT_COLOR_NAME = AccentColor;
				CODE_SIGN_STYLE = Automatic;
				CURRENT_PROJECT_VERSION = 1;
				DEVELOPMENT_ASSET_PATHS = "\"BaldwinDinners/Preview Content\"";
				DEVELOPMENT_TEAM = 32GNF43U3H;
				ENABLE_PREVIEWS = YES;
				GENERATE_INFOPLIST_FILE = YES;
				INFOPLIST_FILE = BaldwinDinners/Info.plist;
				INFOPLIST_KEY_CFBundleDisplayName = "BLDWN DNRS";
				INFOPLIST_KEY_UIApplicationSceneManifest_Generation = YES;
				INFOPLIST_KEY_UIApplicationSupportsIndirectInputEvents = YES;
				INFOPLIST_KEY_UILaunchScreen_Generation = YES;
				INFOPLIST_KEY_UILaunchStoryboardName = "Launch Screen";
				INFOPLIST_KEY_UISupportedInterfaceOrientations_iPad = "UIInterfaceOrientationPortrait UIInterfaceOrientationPortraitUpsideDown UIInterfaceOrientationLandscapeLeft UIInterfaceOrientationLandscapeRight";
				INFOPLIST_KEY_UISupportedInterfaceOrientations_iPhone = "UIInterfaceOrientationPortrait UIInterfaceOrientationLandscapeLeft UIInterfaceOrientationLandscapeRight";
				LD_RUNPATH_SEARCH_PATHS = (
					"$(inherited)",
					"@executable_path/Frameworks",
				);
				MARKETING_VERSION = 1.0;
				PRODUCT_BUNDLE_IDENTIFIER = Trident.BaldwinDinners;
				PRODUCT_NAME = "$(TARGET_NAME)";
				SWIFT_EMIT_LOC_STRINGS = YES;
				SWIFT_VERSION = 5.0;
				TARGETED_DEVICE_FAMILY = "1,2";
			};
			name = Release;
		};
/* End XCBuildConfiguration section */

/* Begin XCConfigurationList section */
		9A4F988B279467F90008DB01 /* Build configuration list for PBXProject "BaldwinDinners" */ = {
			isa = XCConfigurationList;
			buildConfigurations = (
				9A4F989C279467FB0008DB01 /* Debug */,
				9A4F989D279467FB0008DB01 /* Release */,
			);
			defaultConfigurationIsVisible = 0;
			defaultConfigurationName = Release;
		};
		9A4F989E279467FB0008DB01 /* Build configuration list for PBXNativeTarget "BaldwinDinners" */ = {
			isa = XCConfigurationList;
			buildConfigurations = (
				9A4F989F279467FB0008DB01 /* Debug */,
				9A4F98A0279467FB0008DB01 /* Release */,
			);
			defaultConfigurationIsVisible = 0;
			defaultConfigurationName = Release;
		};
/* End XCConfigurationList section */
	};
	rootObject = 9A4F9888279467F90008DB01 /* Project object */;
}
